
Microsoft Visual Studio Solution File, Format Version 12.00
# Visual Studio Version 17
VisualStudioVersion = 17.0.32112.339
MinimumVisualStudioVersion = 10.0.40219.1
Project("{FAE04EC0-301F-11D3-BF4B-00C04F79EFBC}") = "Lesson04", "Lesson04\Lesson04.csproj", "{C3680C70-4052-42C7-AE57-324F5570C473}"
EndProject
Project("{FAE04EC0-301F-11D3-BF4B-00C04F79EFBC}") = "Lesson05", "Lesson05\Lesson05.csproj", "{79A08289-5FF5-4E3F-8C35-03BA229A92A0}"
EndProject
Project("{FAE04EC0-301F-11D3-BF4B-00C04F79EFBC}") = "Lesson06ControlWork", "Lesson06ControlWork\Lesson06ControlWork.csproj", "{E530A14B-1BF9-48D2-94A5-FBF4C01F10A1}"
EndProject
Project("{FAE04EC0-301F-11D3-BF4B-00C04F79EFBC}") = "Lesson07", "Lesson07\Lesson07.csproj", "{D33C779C-8F26-4A03-A88B-B1A83098BDAD}"
EndProject
Project("{FAE04EC0-301F-11D3-BF4B-00C04F79EFBC}") = "Lesson08", "Lesson08\Lesson08.csproj", "{4BCA7E2A-8909-4AD6-82B2-0D656BE427F1}"
EndProject
Project("{FAE04EC0-301F-11D3-BF4B-00C04F79EFBC}") = "Lesson09", "Lesson09\Lesson09.csproj", "{174EE82E-92BF-45A3-9B8D-D9319E81614E}"
EndProject
Project("{FAE04EC0-301F-11D3-BF4B-00C04F79EFBC}") = "Lesson010", "Lesson010\Lesson010.csproj", "{E47B993D-5677-4FB5-832E-B31B25D0DCA5}"
EndProject
Project("{FAE04EC0-301F-11D3-BF4B-00C04F79EFBC}") = "Lesson011", "Lesson011\Lesson011.csproj", "{62391547-18B3-4363-9483-731A415F58B8}"
EndProject
Project("{2150E333-8FDC-42A3-9474-1A3956D46DE8}") = "Solution Items", "Solution Items", "{75ADCD64-13A2-4479-A59C-E7491E7CD211}"
	ProjectSection(SolutionItems) = preProject
		.editorconfig = .editorconfig
	EndProjectSection
EndProject
Project("{FAE04EC0-301F-11D3-BF4B-00C04F79EFBC}") = "Lesson012", "Lesson012\Lesson012.csproj", "{3B6DF41D-D7A9-464A-A096-7C50A6470F6E}"
EndProject
Project("{FAE04EC0-301F-11D3-BF4B-00C04F79EFBC}") = "Lesson013", "Lesson013\Lesson013.csproj", "{DFB751CC-82C9-4D25-95AB-F6F0A57FF8CF}"
EndProject
Project("{9A19103F-16F7-4668-BE54-9A1E7A4F7556}") = "Control_Tasks_2And3", "Lesson014\Control_Tasks_2And3.csproj", "{34CB39B2-6BEA-414C-9A44-9AB332D24482}"
EndProject
Project("{9A19103F-16F7-4668-BE54-9A1E7A4F7556}") = "Control_Task_4", "Control_Task_4\Control_Task_4.csproj", "{FC995370-113E-48F2-8B3C-3CA744ABE88D}"
EndProject
Project("{9A19103F-16F7-4668-BE54-9A1E7A4F7556}") = "Control_Task_5", "Control_Task_5\Control_Task_5.csproj", "{61C4B8CB-AAA0-42E1-A2B3-E9EA5D3B2B9A}"
EndProject
Project("{9A19103F-16F7-4668-BE54-9A1E7A4F7556}") = "Control_Task_6", "Control_Task_6\Control_Task_6.csproj", "{559D0D00-E922-4B4B-8180-EBA3E2630222}"
EndProject
Project("{9A19103F-16F7-4668-BE54-9A1E7A4F7556}") = "Control_Task_1", "Control_Task_1\Control_Task_1.csproj", "{7AD05122-BE95-42B8-9C6E-9FE2D13C7196}"
EndProject
Project("{9A19103F-16F7-4668-BE54-9A1E7A4F7556}") = "Lesson014_Task7", "Lesson014_Task7\Lesson014_Task7.csproj", "{DC2E0D99-C2AE-4434-A31E-0CD1C1DA8D47}"
EndProject
Project("{9A19103F-16F7-4668-BE54-9A1E7A4F7556}") = "Lesson015", "Lesson015\Lesson015.csproj", "{C1AD8460-4595-496D-BD30-AD7D1D5C90D3}"
EndProject
Project("{9A19103F-16F7-4668-BE54-9A1E7A4F7556}") = "Lesson015_Animals", "Lesson015_Animals\Lesson015_Animals.csproj", "{09BECDE4-1483-431C-AF5C-689395601746}"
EndProject
Project("{9A19103F-16F7-4668-BE54-9A1E7A4F7556}") = "Lesson015_Taksa", "Lesson015_Taksa\Lesson015_Taksa.csproj", "{58708E6F-6D80-469A-90C5-3D111AC5EFEE}"
EndProject
Project("{9A19103F-16F7-4668-BE54-9A1E7A4F7556}") = "Lesson016", "Lesson016\Lesson016.csproj", "{E761C6CD-BA03-4048-84C3-48FE53692A82}"
EndProject
Project("{9A19103F-16F7-4668-BE54-9A1E7A4F7556}") = "Task_009", "Task_9\Task_009.csproj", "{15C46EF0-9307-48E5-94CB-2D4AA95BD32F}"
EndProject
Project("{9A19103F-16F7-4668-BE54-9A1E7A4F7556}") = "Task_010", "Task_10\Task_010.csproj", "{851A41EA-2191-4E09-A053-EB02CB9C281F}"
EndProject
Project("{9A19103F-16F7-4668-BE54-9A1E7A4F7556}") = "Task_011", "Task_011\Task_011.csproj", "{A2C82DA6-5A56-4066-8EA3-135EFA852DEF}"
EndProject
Project("{9A19103F-16F7-4668-BE54-9A1E7A4F7556}") = "Task_012", "Task_012\Task_012.csproj", "{9E412EA8-8FEB-47B1-AB63-86A4540A3A15}"
EndProject
Project("{9A19103F-16F7-4668-BE54-9A1E7A4F7556}") = "Task_013", "Task_013\Task_013.csproj", "{3006770D-1455-4E27-A566-FC2B5832A13D}"
EndProject
Project("{9A19103F-16F7-4668-BE54-9A1E7A4F7556}") = "Task_014", "Task_014\Task_014.csproj", "{35A4F18A-09F4-40AC-B7CE-059622E2363C}"
EndProject
Project("{9A19103F-16F7-4668-BE54-9A1E7A4F7556}") = "Task_015", "Task_015\Task_015.csproj", "{6A44E350-5519-413F-A01B-5CB993DC82A9}"
EndProject
Project("{9A19103F-16F7-4668-BE54-9A1E7A4F7556}") = "Lesson019", "Lesson019\Lesson019.csproj", "{486A19C0-9C81-4FC3-A042-9A5BDE900E57}"
EndProject
Project("{9A19103F-16F7-4668-BE54-9A1E7A4F7556}") = "Lesson020", "Lesson020\Lesson020.csproj", "{A2F325B7-E7C1-42C8-AEEC-34EA57F33EC1}"
EndProject
Project("{FAE04EC0-301F-11D3-BF4B-00C04F79EFBC}") = "Lesson021", "Lesson021\Lesson021.csproj", "{296970F7-4997-4128-AC5B-C63265F0847B}"
EndProject
Global
	GlobalSection(SolutionConfigurationPlatforms) = preSolution
		Debug|Any CPU = Debug|Any CPU
		Release|Any CPU = Release|Any CPU
	EndGlobalSection
	GlobalSection(ProjectConfigurationPlatforms) = postSolution
		{C3680C70-4052-42C7-AE57-324F5570C473}.Debug|Any CPU.ActiveCfg = Debug|Any CPU
		{C3680C70-4052-42C7-AE57-324F5570C473}.Debug|Any CPU.Build.0 = Debug|Any CPU
		{C3680C70-4052-42C7-AE57-324F5570C473}.Release|Any CPU.ActiveCfg = Release|Any CPU
		{C3680C70-4052-42C7-AE57-324F5570C473}.Release|Any CPU.Build.0 = Release|Any CPU
		{79A08289-5FF5-4E3F-8C35-03BA229A92A0}.Debug|Any CPU.ActiveCfg = Debug|Any CPU
		{79A08289-5FF5-4E3F-8C35-03BA229A92A0}.Debug|Any CPU.Build.0 = Debug|Any CPU
		{79A08289-5FF5-4E3F-8C35-03BA229A92A0}.Release|Any CPU.ActiveCfg = Release|Any CPU
		{79A08289-5FF5-4E3F-8C35-03BA229A92A0}.Release|Any CPU.Build.0 = Release|Any CPU
		{E530A14B-1BF9-48D2-94A5-FBF4C01F10A1}.Debug|Any CPU.ActiveCfg = Debug|Any CPU
		{E530A14B-1BF9-48D2-94A5-FBF4C01F10A1}.Debug|Any CPU.Build.0 = Debug|Any CPU
		{E530A14B-1BF9-48D2-94A5-FBF4C01F10A1}.Release|Any CPU.ActiveCfg = Release|Any CPU
		{E530A14B-1BF9-48D2-94A5-FBF4C01F10A1}.Release|Any CPU.Build.0 = Release|Any CPU
		{D33C779C-8F26-4A03-A88B-B1A83098BDAD}.Debug|Any CPU.ActiveCfg = Debug|Any CPU
		{D33C779C-8F26-4A03-A88B-B1A83098BDAD}.Debug|Any CPU.Build.0 = Debug|Any CPU
		{D33C779C-8F26-4A03-A88B-B1A83098BDAD}.Release|Any CPU.ActiveCfg = Release|Any CPU
		{D33C779C-8F26-4A03-A88B-B1A83098BDAD}.Release|Any CPU.Build.0 = Release|Any CPU
		{4BCA7E2A-8909-4AD6-82B2-0D656BE427F1}.Debug|Any CPU.ActiveCfg = Debug|Any CPU
		{4BCA7E2A-8909-4AD6-82B2-0D656BE427F1}.Debug|Any CPU.Build.0 = Debug|Any CPU
		{4BCA7E2A-8909-4AD6-82B2-0D656BE427F1}.Release|Any CPU.ActiveCfg = Release|Any CPU
		{4BCA7E2A-8909-4AD6-82B2-0D656BE427F1}.Release|Any CPU.Build.0 = Release|Any CPU
		{174EE82E-92BF-45A3-9B8D-D9319E81614E}.Debug|Any CPU.ActiveCfg = Debug|Any CPU
		{174EE82E-92BF-45A3-9B8D-D9319E81614E}.Debug|Any CPU.Build.0 = Debug|Any CPU
		{174EE82E-92BF-45A3-9B8D-D9319E81614E}.Release|Any CPU.ActiveCfg = Release|Any CPU
		{174EE82E-92BF-45A3-9B8D-D9319E81614E}.Release|Any CPU.Build.0 = Release|Any CPU
		{E47B993D-5677-4FB5-832E-B31B25D0DCA5}.Debug|Any CPU.ActiveCfg = Debug|Any CPU
		{E47B993D-5677-4FB5-832E-B31B25D0DCA5}.Debug|Any CPU.Build.0 = Debug|Any CPU
		{E47B993D-5677-4FB5-832E-B31B25D0DCA5}.Release|Any CPU.ActiveCfg = Release|Any CPU
		{E47B993D-5677-4FB5-832E-B31B25D0DCA5}.Release|Any CPU.Build.0 = Release|Any CPU
		{62391547-18B3-4363-9483-731A415F58B8}.Debug|Any CPU.ActiveCfg = Debug|Any CPU
		{62391547-18B3-4363-9483-731A415F58B8}.Debug|Any CPU.Build.0 = Debug|Any CPU
		{62391547-18B3-4363-9483-731A415F58B8}.Release|Any CPU.ActiveCfg = Release|Any CPU
		{62391547-18B3-4363-9483-731A415F58B8}.Release|Any CPU.Build.0 = Release|Any CPU
		{3B6DF41D-D7A9-464A-A096-7C50A6470F6E}.Debug|Any CPU.ActiveCfg = Debug|Any CPU
		{3B6DF41D-D7A9-464A-A096-7C50A6470F6E}.Debug|Any CPU.Build.0 = Debug|Any CPU
		{3B6DF41D-D7A9-464A-A096-7C50A6470F6E}.Release|Any CPU.ActiveCfg = Release|Any CPU
		{3B6DF41D-D7A9-464A-A096-7C50A6470F6E}.Release|Any CPU.Build.0 = Release|Any CPU
		{DFB751CC-82C9-4D25-95AB-F6F0A57FF8CF}.Debug|Any CPU.ActiveCfg = Debug|Any CPU
		{DFB751CC-82C9-4D25-95AB-F6F0A57FF8CF}.Debug|Any CPU.Build.0 = Debug|Any CPU
		{DFB751CC-82C9-4D25-95AB-F6F0A57FF8CF}.Release|Any CPU.ActiveCfg = Release|Any CPU
		{DFB751CC-82C9-4D25-95AB-F6F0A57FF8CF}.Release|Any CPU.Build.0 = Release|Any CPU
		{34CB39B2-6BEA-414C-9A44-9AB332D24482}.Debug|Any CPU.ActiveCfg = Debug|Any CPU
		{34CB39B2-6BEA-414C-9A44-9AB332D24482}.Debug|Any CPU.Build.0 = Debug|Any CPU
		{34CB39B2-6BEA-414C-9A44-9AB332D24482}.Release|Any CPU.ActiveCfg = Release|Any CPU
		{34CB39B2-6BEA-414C-9A44-9AB332D24482}.Release|Any CPU.Build.0 = Release|Any CPU
		{FC995370-113E-48F2-8B3C-3CA744ABE88D}.Debug|Any CPU.ActiveCfg = Debug|Any CPU
		{FC995370-113E-48F2-8B3C-3CA744ABE88D}.Debug|Any CPU.Build.0 = Debug|Any CPU
		{FC995370-113E-48F2-8B3C-3CA744ABE88D}.Release|Any CPU.ActiveCfg = Release|Any CPU
		{FC995370-113E-48F2-8B3C-3CA744ABE88D}.Release|Any CPU.Build.0 = Release|Any CPU
		{61C4B8CB-AAA0-42E1-A2B3-E9EA5D3B2B9A}.Debug|Any CPU.ActiveCfg = Debug|Any CPU
		{61C4B8CB-AAA0-42E1-A2B3-E9EA5D3B2B9A}.Debug|Any CPU.Build.0 = Debug|Any CPU
		{61C4B8CB-AAA0-42E1-A2B3-E9EA5D3B2B9A}.Release|Any CPU.ActiveCfg = Release|Any CPU
		{61C4B8CB-AAA0-42E1-A2B3-E9EA5D3B2B9A}.Release|Any CPU.Build.0 = Release|Any CPU
		{559D0D00-E922-4B4B-8180-EBA3E2630222}.Debug|Any CPU.ActiveCfg = Debug|Any CPU
		{559D0D00-E922-4B4B-8180-EBA3E2630222}.Debug|Any CPU.Build.0 = Debug|Any CPU
		{559D0D00-E922-4B4B-8180-EBA3E2630222}.Release|Any CPU.ActiveCfg = Release|Any CPU
		{559D0D00-E922-4B4B-8180-EBA3E2630222}.Release|Any CPU.Build.0 = Release|Any CPU
		{7AD05122-BE95-42B8-9C6E-9FE2D13C7196}.Debug|Any CPU.ActiveCfg = Debug|Any CPU
		{7AD05122-BE95-42B8-9C6E-9FE2D13C7196}.Debug|Any CPU.Build.0 = Debug|Any CPU
		{7AD05122-BE95-42B8-9C6E-9FE2D13C7196}.Release|Any CPU.ActiveCfg = Release|Any CPU
		{7AD05122-BE95-42B8-9C6E-9FE2D13C7196}.Release|Any CPU.Build.0 = Release|Any CPU
		{DC2E0D99-C2AE-4434-A31E-0CD1C1DA8D47}.Debug|Any CPU.ActiveCfg = Debug|Any CPU
		{DC2E0D99-C2AE-4434-A31E-0CD1C1DA8D47}.Debug|Any CPU.Build.0 = Debug|Any CPU
		{DC2E0D99-C2AE-4434-A31E-0CD1C1DA8D47}.Release|Any CPU.ActiveCfg = Release|Any CPU
		{DC2E0D99-C2AE-4434-A31E-0CD1C1DA8D47}.Release|Any CPU.Build.0 = Release|Any CPU
		{C1AD8460-4595-496D-BD30-AD7D1D5C90D3}.Debug|Any CPU.ActiveCfg = Debug|Any CPU
		{C1AD8460-4595-496D-BD30-AD7D1D5C90D3}.Debug|Any CPU.Build.0 = Debug|Any CPU
		{C1AD8460-4595-496D-BD30-AD7D1D5C90D3}.Release|Any CPU.ActiveCfg = Release|Any CPU
		{C1AD8460-4595-496D-BD30-AD7D1D5C90D3}.Release|Any CPU.Build.0 = Release|Any CPU
		{09BECDE4-1483-431C-AF5C-689395601746}.Debug|Any CPU.ActiveCfg = Debug|Any CPU
		{09BECDE4-1483-431C-AF5C-689395601746}.Debug|Any CPU.Build.0 = Debug|Any CPU
		{09BECDE4-1483-431C-AF5C-689395601746}.Release|Any CPU.ActiveCfg = Release|Any CPU
		{09BECDE4-1483-431C-AF5C-689395601746}.Release|Any CPU.Build.0 = Release|Any CPU
		{58708E6F-6D80-469A-90C5-3D111AC5EFEE}.Debug|Any CPU.ActiveCfg = Debug|Any CPU
		{58708E6F-6D80-469A-90C5-3D111AC5EFEE}.Debug|Any CPU.Build.0 = Debug|Any CPU
		{58708E6F-6D80-469A-90C5-3D111AC5EFEE}.Release|Any CPU.ActiveCfg = Release|Any CPU
		{58708E6F-6D80-469A-90C5-3D111AC5EFEE}.Release|Any CPU.Build.0 = Release|Any CPU
		{E761C6CD-BA03-4048-84C3-48FE53692A82}.Debug|Any CPU.ActiveCfg = Debug|Any CPU
		{E761C6CD-BA03-4048-84C3-48FE53692A82}.Debug|Any CPU.Build.0 = Debug|Any CPU
		{E761C6CD-BA03-4048-84C3-48FE53692A82}.Release|Any CPU.ActiveCfg = Release|Any CPU
		{E761C6CD-BA03-4048-84C3-48FE53692A82}.Release|Any CPU.Build.0 = Release|Any CPU
		{15C46EF0-9307-48E5-94CB-2D4AA95BD32F}.Debug|Any CPU.ActiveCfg = Debug|Any CPU
		{15C46EF0-9307-48E5-94CB-2D4AA95BD32F}.Debug|Any CPU.Build.0 = Debug|Any CPU
		{15C46EF0-9307-48E5-94CB-2D4AA95BD32F}.Release|Any CPU.ActiveCfg = Release|Any CPU
		{15C46EF0-9307-48E5-94CB-2D4AA95BD32F}.Release|Any CPU.Build.0 = Release|Any CPU
		{851A41EA-2191-4E09-A053-EB02CB9C281F}.Debug|Any CPU.ActiveCfg = Debug|Any CPU
		{851A41EA-2191-4E09-A053-EB02CB9C281F}.Debug|Any CPU.Build.0 = Debug|Any CPU
		{851A41EA-2191-4E09-A053-EB02CB9C281F}.Release|Any CPU.ActiveCfg = Release|Any CPU
		{851A41EA-2191-4E09-A053-EB02CB9C281F}.Release|Any CPU.Build.0 = Release|Any CPU
		{A2C82DA6-5A56-4066-8EA3-135EFA852DEF}.Debug|Any CPU.ActiveCfg = Debug|Any CPU
		{A2C82DA6-5A56-4066-8EA3-135EFA852DEF}.Debug|Any CPU.Build.0 = Debug|Any CPU
		{A2C82DA6-5A56-4066-8EA3-135EFA852DEF}.Release|Any CPU.ActiveCfg = Release|Any CPU
		{A2C82DA6-5A56-4066-8EA3-135EFA852DEF}.Release|Any CPU.Build.0 = Release|Any CPU
		{9E412EA8-8FEB-47B1-AB63-86A4540A3A15}.Debug|Any CPU.ActiveCfg = Debug|Any CPU
		{9E412EA8-8FEB-47B1-AB63-86A4540A3A15}.Debug|Any CPU.Build.0 = Debug|Any CPU
		{9E412EA8-8FEB-47B1-AB63-86A4540A3A15}.Release|Any CPU.ActiveCfg = Release|Any CPU
		{9E412EA8-8FEB-47B1-AB63-86A4540A3A15}.Release|Any CPU.Build.0 = Release|Any CPU
		{3006770D-1455-4E27-A566-FC2B5832A13D}.Debug|Any CPU.ActiveCfg = Debug|Any CPU
		{3006770D-1455-4E27-A566-FC2B5832A13D}.Debug|Any CPU.Build.0 = Debug|Any CPU
		{3006770D-1455-4E27-A566-FC2B5832A13D}.Release|Any CPU.ActiveCfg = Release|Any CPU
		{3006770D-1455-4E27-A566-FC2B5832A13D}.Release|Any CPU.Build.0 = Release|Any CPU
		{35A4F18A-09F4-40AC-B7CE-059622E2363C}.Debug|Any CPU.ActiveCfg = Debug|Any CPU
		{35A4F18A-09F4-40AC-B7CE-059622E2363C}.Debug|Any CPU.Build.0 = Debug|Any CPU
		{35A4F18A-09F4-40AC-B7CE-059622E2363C}.Release|Any CPU.ActiveCfg = Release|Any CPU
		{35A4F18A-09F4-40AC-B7CE-059622E2363C}.Release|Any CPU.Build.0 = Release|Any CPU
		{6A44E350-5519-413F-A01B-5CB993DC82A9}.Debug|Any CPU.ActiveCfg = Debug|Any CPU
		{6A44E350-5519-413F-A01B-5CB993DC82A9}.Debug|Any CPU.Build.0 = Debug|Any CPU
		{6A44E350-5519-413F-A01B-5CB993DC82A9}.Release|Any CPU.ActiveCfg = Release|Any CPU
		{6A44E350-5519-413F-A01B-5CB993DC82A9}.Release|Any CPU.Build.0 = Release|Any CPU
		{486A19C0-9C81-4FC3-A042-9A5BDE900E57}.Debug|Any CPU.ActiveCfg = Debug|Any CPU
		{486A19C0-9C81-4FC3-A042-9A5BDE900E57}.Debug|Any CPU.Build.0 = Debug|Any CPU
		{486A19C0-9C81-4FC3-A042-9A5BDE900E57}.Release|Any CPU.ActiveCfg = Release|Any CPU
		{486A19C0-9C81-4FC3-A042-9A5BDE900E57}.Release|Any CPU.Build.0 = Release|Any CPU
		{A2F325B7-E7C1-42C8-AEEC-34EA57F33EC1}.Debug|Any CPU.ActiveCfg = Debug|Any CPU
		{A2F325B7-E7C1-42C8-AEEC-34EA57F33EC1}.Debug|Any CPU.Build.0 = Debug|Any CPU
		{A2F325B7-E7C1-42C8-AEEC-34EA57F33EC1}.Release|Any CPU.ActiveCfg = Release|Any CPU
		{A2F325B7-E7C1-42C8-AEEC-34EA57F33EC1}.Release|Any CPU.Build.0 = Release|Any CPU
		{296970F7-4997-4128-AC5B-C63265F0847B}.Debug|Any CPU.ActiveCfg = Debug|Any CPU
		{296970F7-4997-4128-AC5B-C63265F0847B}.Debug|Any CPU.Build.0 = Debug|Any CPU
		{296970F7-4997-4128-AC5B-C63265F0847B}.Release|Any CPU.ActiveCfg = Release|Any CPU
		{296970F7-4997-4128-AC5B-C63265F0847B}.Release|Any CPU.Build.0 = Release|Any CPU
	EndGlobalSection
	GlobalSection(SolutionProperties) = preSolution
		HideSolutionNode = FALSE
	EndGlobalSection
	GlobalSection(ExtensibilityGlobals) = postSolution
		SolutionGuid = {D7032278-2DAE-4A48-95E5-84D26ED735E4}
	EndGlobalSection
EndGlobal
