
Microsoft Visual Studio Solution File, Format Version 12.00
# Visual Studio Version 16
VisualStudioVersion = 16.0.32002.261
MinimumVisualStudioVersion = 10.0.40219.1
Project("{FAE04EC0-301F-11D3-BF4B-00C04F79EFBC}") = "01", "01\01.csproj", "{02ED4D75-629B-4102-850A-91594350AD31}"
EndProject
Project("{FAE04EC0-301F-11D3-BF4B-00C04F79EFBC}") = "013", "013\013.csproj", "{64026FD4-31BB-4CB9-A2BA-D1BE50067DDD}"
EndProject
Project("{FAE04EC0-301F-11D3-BF4B-00C04F79EFBC}") = "012", "012\012.csproj", "{C347FE75-F563-471B-B13F-15A0493E6AF0}"
EndProject
Global
	GlobalSection(SolutionConfigurationPlatforms) = preSolution
		Debug|Any CPU = Debug|Any CPU
		Release|Any CPU = Release|Any CPU
	EndGlobalSection
	GlobalSection(ProjectConfigurationPlatforms) = postSolution
		{02ED4D75-629B-4102-850A-91594350AD31}.Debug|Any CPU.ActiveCfg = Debug|Any CPU
		{02ED4D75-629B-4102-850A-91594350AD31}.Debug|Any CPU.Build.0 = Debug|Any CPU
		{02ED4D75-629B-4102-850A-91594350AD31}.Release|Any CPU.ActiveCfg = Release|Any CPU
		{02ED4D75-629B-4102-850A-91594350AD31}.Release|Any CPU.Build.0 = Release|Any CPU
		{64026FD4-31BB-4CB9-A2BA-D1BE50067DDD}.Debug|Any CPU.ActiveCfg = Debug|Any CPU
		{64026FD4-31BB-4CB9-A2BA-D1BE50067DDD}.Debug|Any CPU.Build.0 = Debug|Any CPU
		{64026FD4-31BB-4CB9-A2BA-D1BE50067DDD}.Release|Any CPU.ActiveCfg = Release|Any CPU
		{64026FD4-31BB-4CB9-A2BA-D1BE50067DDD}.Release|Any CPU.Build.0 = Release|Any CPU
		{C347FE75-F563-471B-B13F-15A0493E6AF0}.Debug|Any CPU.ActiveCfg = Debug|Any CPU
		{C347FE75-F563-471B-B13F-15A0493E6AF0}.Debug|Any CPU.Build.0 = Debug|Any CPU
		{C347FE75-F563-471B-B13F-15A0493E6AF0}.Release|Any CPU.ActiveCfg = Release|Any CPU
		{C347FE75-F563-471B-B13F-15A0493E6AF0}.Release|Any CPU.Build.0 = Release|Any CPU
	EndGlobalSection
	GlobalSection(SolutionProperties) = preSolution
		HideSolutionNode = FALSE
	EndGlobalSection
	GlobalSection(ExtensibilityGlobals) = postSolution
		SolutionGuid = {CCEBEBF9-01EE-4992-B877-00BC99E7E711}
	EndGlobalSection
EndGlobal
